// !$*UTF8*$!
{
	archiveVersion = 1;
	classes = {
	};
	objectVersion = 46;
	objects = {

/* Begin PBXBuildFile section */
		F97624B71E6E91DD005D3015 /* main.m in Sources */ = {isa = PBXBuildFile; fileRef = F97624B61E6E91DD005D3015 /* main.m */; };
		F97624BA1E6E91DD005D3015 /* AppDelegate.m in Sources */ = {isa = PBXBuildFile; fileRef = F97624B91E6E91DD005D3015 /* AppDelegate.m */; };
		F97624BD1E6E91DD005D3015 /* ViewController.m in Sources */ = {isa = PBXBuildFile; fileRef = F97624BC1E6E91DD005D3015 /* ViewController.m */; };
		F97624C01E6E91DD005D3015 /* Main.storyboard in Resources */ = {isa = PBXBuildFile; fileRef = F97624BE1E6E91DD005D3015 /* Main.storyboard */; };
		F97624C21E6E91DD005D3015 /* Assets.xcassets in Resources */ = {isa = PBXBuildFile; fileRef = F97624C11E6E91DD005D3015 /* Assets.xcassets */; };
		F97624C51E6E91DD005D3015 /* LaunchScreen.storyboard in Resources */ = {isa = PBXBuildFile; fileRef = F97624C31E6E91DD005D3015 /* LaunchScreen.storyboard */; };
		F97624D01E6E91DD005D3015 /* CusomerButtonTests.m in Sources */ = {isa = PBXBuildFile; fileRef = F97624CF1E6E91DD005D3015 /* CusomerButtonTests.m */; };
		F97624DB1E6E91DD005D3015 /* CusomerButtonUITests.m in Sources */ = {isa = PBXBuildFile; fileRef = F97624DA1E6E91DD005D3015 /* CusomerButtonUITests.m */; };
		F97624EA1E6E920B005D3015 /* CustomerButton.m in Sources */ = {isa = PBXBuildFile; fileRef = F97624E91E6E920B005D3015 /* CustomerButton.m */; };
/* End PBXBuildFile section */

/* Begin PBXContainerItemProxy section */
		F97624CC1E6E91DD005D3015 /* PBXContainerItemProxy */ = {
			isa = PBXContainerItemProxy;
			containerPortal = F97624AA1E6E91DD005D3015 /* Project object */;
			proxyType = 1;
			remoteGlobalIDString = F97624B11E6E91DD005D3015;
			remoteInfo = CusomerButton;
		};
		F97624D71E6E91DD005D3015 /* PBXContainerItemProxy */ = {
			isa = PBXContainerItemProxy;
			containerPortal = F97624AA1E6E91DD005D3015 /* Project object */;
			proxyType = 1;
			remoteGlobalIDString = F97624B11E6E91DD005D3015;
			remoteInfo = CusomerButton;
		};
/* End PBXContainerItemProxy section */

/* Begin PBXFileReference section */
		F97624B21E6E91DD005D3015 /* CusomerButton.app */ = {isa = PBXFileReference; explicitFileType = wrapper.application; includeInIndex = 0; path = CusomerButton.app; sourceTree = BUILT_PRODUCTS_DIR; };
		F97624B61E6E91DD005D3015 /* main.m */ = {isa = PBXFileReference; lastKnownFileType = sourcecode.c.objc; path = main.m; sourceTree = "<group>"; };
		F97624B81E6E91DD005D3015 /* AppDelegate.h */ = {isa = PBXFileReference; lastKnownFileType = sourcecode.c.h; path = AppDelegate.h; sourceTree = "<group>"; };
		F97624B91E6E91DD005D3015 /* AppDelegate.m */ = {isa = PBXFileReference; lastKnownFileType = sourcecode.c.objc; path = AppDelegate.m; sourceTree = "<group>"; };
		F97624BB1E6E91DD005D3015 /* ViewController.h */ = {isa = PBXFileReference; lastKnownFileType = sourcecode.c.h; path = ViewController.h; sourceTree = "<group>"; };
		F97624BC1E6E91DD005D3015 /* ViewController.m */ = {isa = PBXFileReference; lastKnownFileType = sourcecode.c.objc; path = ViewController.m; sourceTree = "<group>"; };
		F97624BF1E6E91DD005D3015 /* Base */ = {isa = PBXFileReference; lastKnownFileType = file.storyboard; name = Base; path = Base.lproj/Main.storyboard; sourceTree = "<group>"; };
		F97624C11E6E91DD005D3015 /* Assets.xcassets */ = {isa = PBXFileReference; lastKnownFileType = folder.assetcatalog; path = Assets.xcassets; sourceTree = "<group>"; };
		F97624C41E6E91DD005D3015 /* Base */ = {isa = PBXFileReference; lastKnownFileType = file.storyboard; name = Base; path = Base.lproj/LaunchScreen.storyboard; sourceTree = "<group>"; };
		F97624C61E6E91DD005D3015 /* Info.plist */ = {isa = PBXFileReference; lastKnownFileType = text.plist.xml; path = Info.plist; sourceTree = "<group>"; };
		F97624CB1E6E91DD005D3015 /* CusomerButtonTests.xctest */ = {isa = PBXFileReference; explicitFileType = wrapper.cfbundle; includeInIndex = 0; path = CusomerButtonTests.xctest; sourceTree = BUILT_PRODUCTS_DIR; };
		F97624CF1E6E91DD005D3015 /* CusomerButtonTests.m */ = {isa = PBXFileReference; lastKnownFileType = sourcecode.c.objc; path = CusomerButtonTests.m; sourceTree = "<group>"; };
		F97624D11E6E91DD005D3015 /* Info.plist */ = {isa = PBXFileReference; lastKnownFileType = text.plist.xml; path = Info.plist; sourceTree = "<group>"; };
		F97624D61E6E91DD005D3015 /* CusomerButtonUITests.xctest */ = {isa = PBXFileReference; explicitFileType = wrapper.cfbundle; includeInIndex = 0; path = CusomerButtonUITests.xctest; sourceTree = BUILT_PRODUCTS_DIR; };
		F97624DA1E6E91DD005D3015 /* CusomerButtonUITests.m */ = {isa = PBXFileReference; lastKnownFileType = sourcecode.c.objc; path = CusomerButtonUITests.m; sourceTree = "<group>"; };
		F97624DC1E6E91DD005D3015 /* Info.plist */ = {isa = PBXFileReference; lastKnownFileType = text.plist.xml; path = Info.plist; sourceTree = "<group>"; };
		F97624E81E6E920B005D3015 /* CustomerButton.h */ = {isa = PBXFileReference; fileEncoding = 4; lastKnownFileType = sourcecode.c.h; path = CustomerButton.h; sourceTree = "<group>"; };
		F97624E91E6E920B005D3015 /* CustomerButton.m */ = {isa = PBXFileReference; fileEncoding = 4; lastKnownFileType = sourcecode.c.objc; path = CustomerButton.m; sourceTree = "<group>"; };
/* End PBXFileReference section */

/* Begin PBXFrameworksBuildPhase section */
		F97624AF1E6E91DD005D3015 /* Frameworks */ = {
			isa = PBXFrameworksBuildPhase;
			buildActionMask = 2147483647;
			files = (
			);
			runOnlyForDeploymentPostprocessing = 0;
		};
		F97624C81E6E91DD005D3015 /* Frameworks */ = {
			isa = PBXFrameworksBuildPhase;
			buildActionMask = 2147483647;
			files = (
			);
			runOnlyForDeploymentPostprocessing = 0;
		};
		F97624D31E6E91DD005D3015 /* Frameworks */ = {
			isa = PBXFrameworksBuildPhase;
			buildActionMask = 2147483647;
			files = (
			);
			runOnlyForDeploymentPostprocessing = 0;
		};
/* End PBXFrameworksBuildPhase section */

/* Begin PBXGroup section */
		F97624A91E6E91DD005D3015 = {
			isa = PBXGroup;
			children = (
				F97624B41E6E91DD005D3015 /* CusomerButton */,
				F97624CE1E6E91DD005D3015 /* CusomerButtonTests */,
				F97624D91E6E91DD005D3015 /* CusomerButtonUITests */,
				F97624B31E6E91DD005D3015 /* Products */,
			);
			sourceTree = "<group>";
		};
		F97624B31E6E91DD005D3015 /* Products */ = {
			isa = PBXGroup;
			children = (
				F97624B21E6E91DD005D3015 /* CusomerButton.app */,
				F97624CB1E6E91DD005D3015 /* CusomerButtonTests.xctest */,
				F97624D61E6E91DD005D3015 /* CusomerButtonUITests.xctest */,
			);
			name = Products;
			sourceTree = "<group>";
		};
		F97624B41E6E91DD005D3015 /* CusomerButton */ = {
			isa = PBXGroup;
			children = (
				F97624E81E6E920B005D3015 /* CustomerButton.h */,
				F97624E91E6E920B005D3015 /* CustomerButton.m */,
				F97624B81E6E91DD005D3015 /* AppDelegate.h */,
				F97624B91E6E91DD005D3015 /* AppDelegate.m */,
				F97624BB1E6E91DD005D3015 /* ViewController.h */,
				F97624BC1E6E91DD005D3015 /* ViewController.m */,
				F97624BE1E6E91DD005D3015 /* Main.storyboard */,
				F97624C11E6E91DD005D3015 /* Assets.xcassets */,
				F97624C31E6E91DD005D3015 /* LaunchScreen.storyboard */,
				F97624C61E6E91DD005D3015 /* Info.plist */,
				F97624B51E6E91DD005D3015 /* Supporting Files */,
			);
			path = CusomerButton;
			sourceTree = "<group>";
		};
		F97624B51E6E91DD005D3015 /* Supporting Files */ = {
			isa = PBXGroup;
			children = (
				F97624B61E6E91DD005D3015 /* main.m */,
			);
			name = "Supporting Files";
			sourceTree = "<group>";
		};
		F97624CE1E6E91DD005D3015 /* CusomerButtonTests */ = {
			isa = PBXGroup;
			children = (
				F97624CF1E6E91DD005D3015 /* CusomerButtonTests.m */,
				F97624D11E6E91DD005D3015 /* Info.plist */,
			);
			path = CusomerButtonTests;
			sourceTree = "<group>";
		};
		F97624D91E6E91DD005D3015 /* CusomerButtonUITests */ = {
			isa = PBXGroup;
			children = (
				F97624DA1E6E91DD005D3015 /* CusomerButtonUITests.m */,
				F97624DC1E6E91DD005D3015 /* Info.plist */,
			);
			path = CusomerButtonUITests;
			sourceTree = "<group>";
		};
/* End PBXGroup section */

/* Begin PBXNativeTarget section */
		F97624B11E6E91DD005D3015 /* CusomerButton */ = {
			isa = PBXNativeTarget;
			buildConfigurationList = F97624DF1E6E91DD005D3015 /* Build configuration list for PBXNativeTarget "CusomerButton" */;
			buildPhases = (
				F97624AE1E6E91DD005D3015 /* Sources */,
				F97624AF1E6E91DD005D3015 /* Frameworks */,
				F97624B01E6E91DD005D3015 /* Resources */,
			);
			buildRules = (
			);
			dependencies = (
			);
			name = CusomerButton;
			productName = CusomerButton;
			productReference = F97624B21E6E91DD005D3015 /* CusomerButton.app */;
			productType = "com.apple.product-type.application";
		};
		F97624CA1E6E91DD005D3015 /* CusomerButtonTests */ = {
			isa = PBXNativeTarget;
			buildConfigurationList = F97624E21E6E91DD005D3015 /* Build configuration list for PBXNativeTarget "CusomerButtonTests" */;
			buildPhases = (
				F97624C71E6E91DD005D3015 /* Sources */,
				F97624C81E6E91DD005D3015 /* Frameworks */,
				F97624C91E6E91DD005D3015 /* Resources */,
			);
			buildRules = (
			);
			dependencies = (
				F97624CD1E6E91DD005D3015 /* PBXTargetDependency */,
			);
			name = CusomerButtonTests;
			productName = CusomerButtonTests;
			productReference = F97624CB1E6E91DD005D3015 /* CusomerButtonTests.xctest */;
			productType = "com.apple.product-type.bundle.unit-test";
		};
		F97624D51E6E91DD005D3015 /* CusomerButtonUITests */ = {
			isa = PBXNativeTarget;
			buildConfigurationList = F97624E51E6E91DD005D3015 /* Build configuration list for PBXNativeTarget "CusomerButtonUITests" */;
			buildPhases = (
				F97624D21E6E91DD005D3015 /* Sources */,
				F97624D31E6E91DD005D3015 /* Frameworks */,
				F97624D41E6E91DD005D3015 /* Resources */,
			);
			buildRules = (
			);
			dependencies = (
				F97624D81E6E91DD005D3015 /* PBXTargetDependency */,
			);
			name = CusomerButtonUITests;
			productName = CusomerButtonUITests;
			productReference = F97624D61E6E91DD005D3015 /* CusomerButtonUITests.xctest */;
			productType = "com.apple.product-type.bundle.ui-testing";
		};
/* End PBXNativeTarget section */

/* Begin PBXProject section */
		F97624AA1E6E91DD005D3015 /* Project object */ = {
			isa = PBXProject;
			attributes = {
				LastUpgradeCheck = 0820;
				ORGANIZATIONNAME = LYN;
				TargetAttributes = {
					F97624B11E6E91DD005D3015 = {
						CreatedOnToolsVersion = 8.2.1;
						DevelopmentTeam = D48GCKJBKL;
						ProvisioningStyle = Automatic;
					};
					F97624CA1E6E91DD005D3015 = {
						CreatedOnToolsVersion = 8.2.1;
						ProvisioningStyle = Automatic;
						TestTargetID = F97624B11E6E91DD005D3015;
					};
					F97624D51E6E91DD005D3015 = {
						CreatedOnToolsVersion = 8.2.1;
						ProvisioningStyle = Automatic;
						TestTargetID = F97624B11E6E91DD005D3015;
					};
				};
			};
			buildConfigurationList = F97624AD1E6E91DD005D3015 /* Build configuration list for PBXProject "CusomerButton" */;
			compatibilityVersion = "Xcode 3.2";
			developmentRegion = English;
			hasScannedForEncodings = 0;
			knownRegions = (
				en,
				Base,
			);
			mainGroup = F97624A91E6E91DD005D3015;
			productRefGroup = F97624B31E6E91DD005D3015 /* Products */;
			projectDirPath = "";
			projectRoot = "";
			targets = (
				F97624B11E6E91DD005D3015 /* CusomerButton */,
				F97624CA1E6E91DD005D3015 /* CusomerButtonTests */,
				F97624D51E6E91DD005D3015 /* CusomerButtonUITests */,
			);
		};
/* End PBXProject section */

/* Begin PBXResourcesBuildPhase section */
		F97624B01E6E91DD005D3015 /* Resources */ = {
			isa = PBXResourcesBuildPhase;
			buildActionMask = 2147483647;
			files = (
				F97624C51E6E91DD005D3015 /* LaunchScreen.storyboard in Resources */,
				F97624C21E6E91DD005D3015 /* Assets.xcassets in Resources */,
				F97624C01E6E91DD005D3015 /* Main.storyboard in Resources */,
			);
			runOnlyForDeploymentPostprocessing = 0;
		};
		F97624C91E6E91DD005D3015 /* Resources */ = {
			isa = PBXResourcesBuildPhase;
			buildActionMask = 2147483647;
			files = (
			);
			runOnlyForDeploymentPostprocessing = 0;
		};
		F97624D41E6E91DD005D3015 /* Resources */ = {
			isa = PBXResourcesBuildPhase;
			buildActionMask = 2147483647;
			files = (
			);
			runOnlyForDeploymentPostprocessing = 0;
		};
/* End PBXResourcesBuildPhase section */

/* Begin PBXSourcesBuildPhase section */
		F97624AE1E6E91DD005D3015 /* Sources */ = {
			isa = PBXSourcesBuildPhase;
			buildActionMask = 2147483647;
			files = (
				F97624BD1E6E91DD005D3015 /* ViewController.m in Sources */,
				F97624EA1E6E920B005D3015 /* CustomerButton.m in Sources */,
				F97624BA1E6E91DD005D3015 /* AppDelegate.m in Sources */,
				F97624B71E6E91DD005D3015 /* main.m in Sources */,
			);
			runOnlyForDeploymentPostprocessing = 0;
		};
		F97624C71E6E91DD005D3015 /* Sources */ = {
			isa = PBXSourcesBuildPhase;
			buildActionMask = 2147483647;
			files = (
				F97624D01E6E91DD005D3015 /* CusomerButtonTests.m in Sources */,
			);
			runOnlyForDeploymentPostprocessing = 0;
		};
		F97624D21E6E91DD005D3015 /* Sources */ = {
			isa = PBXSourcesBuildPhase;
			buildActionMask = 2147483647;
			files = (
				F97624DB1E6E91DD005D3015 /* CusomerButtonUITests.m in Sources */,
			);
			runOnlyForDeploymentPostprocessing = 0;
		};
/* End PBXSourcesBuildPhase section */

/* Begin PBXTargetDependency section */
		F97624CD1E6E91DD005D3015 /* PBXTargetDependency */ = {
			isa = PBXTargetDependency;
			target = F97624B11E6E91DD005D3015 /* CusomerButton */;
			targetProxy = F97624CC1E6E91DD005D3015 /* PBXContainerItemProxy */;
		};
		F97624D81E6E91DD005D3015 /* PBXTargetDependency */ = {
			isa = PBXTargetDependency;
			target = F97624B11E6E91DD005D3015 /* CusomerButton */;
			targetProxy = F97624D71E6E91DD005D3015 /* PBXContainerItemProxy */;
		};
/* End PBXTargetDependency section */

/* Begin PBXVariantGroup section */
		F97624BE1E6E91DD005D3015 /* Main.storyboard */ = {
			isa = PBXVariantGroup;
			children = (
				F97624BF1E6E91DD005D3015 /* Base */,
			);
			name = Main.storyboard;
			sourceTree = "<group>";
		};
		F97624C31E6E91DD005D3015 /* LaunchScreen.storyboard */ = {
			isa = PBXVariantGroup;
			children = (
				F97624C41E6E91DD005D3015 /* Base */,
			);
			name = LaunchScreen.storyboard;
			sourceTree = "<group>";
		};
/* End PBXVariantGroup section */

/* Begin XCBuildConfiguration section */
		F97624DD1E6E91DD005D3015 /* Debug */ = {
			isa = XCBuildConfiguration;
			buildSettings = {
				ALWAYS_SEARCH_USER_PATHS = NO;
				CLANG_ANALYZER_NONNULL = YES;
				CLANG_CXX_LANGUAGE_STANDARD = "gnu++0x";
				CLANG_CXX_LIBRARY = "libc++";
				CLANG_ENABLE_MODULES = YES;
				CLANG_ENABLE_OBJC_ARC = YES;
				CLANG_WARN_BOOL_CONVERSION = YES;
				CLANG_WARN_CONSTANT_CONVERSION = YES;
				CLANG_WARN_DIRECT_OBJC_ISA_USAGE = YES_ERROR;
				CLANG_WARN_DOCUMENTATION_COMMENTS = YES;
				CLANG_WARN_EMPTY_BODY = YES;
				CLANG_WARN_ENUM_CONVERSION = YES;
				CLANG_WARN_INFINITE_RECURSION = YES;
				CLANG_WARN_INT_CONVERSION = YES;
				CLANG_WARN_OBJC_ROOT_CLASS = YES_ERROR;
				CLANG_WARN_SUSPICIOUS_MOVE = YES;
				CLANG_WARN_UNREACHABLE_CODE = YES;
				CLANG_WARN__DUPLICATE_METHOD_MATCH = YES;
				"CODE_SIGN_IDENTITY[sdk=iphoneos*]" = "iPhone Developer";
				COPY_PHASE_STRIP = NO;
				DEBUG_INFORMATION_FORMAT = dwarf;
				ENABLE_STRICT_OBJC_MSGSEND = YES;
				ENABLE_TESTABILITY = YES;
				GCC_C_LANGUAGE_STANDARD = gnu99;
				GCC_DYNAMIC_NO_PIC = NO;
				GCC_NO_COMMON_BLOCKS = YES;
				GCC_OPTIMIZATION_LEVEL = 0;
				GCC_PREPROCESSOR_DEFINITIONS = (
					"DEBUG=1",
					"$(inherited)",
				);
				GCC_WARN_64_TO_32_BIT_CONVERSION = YES;
				GCC_WARN_ABOUT_RETURN_TYPE = YES_ERROR;
				GCC_WARN_UNDECLARED_SELECTOR = YES;
				GCC_WARN_UNINITIALIZED_AUTOS = YES_AGGRESSIVE;
				GCC_WARN_UNUSED_FUNCTION = YES;
				GCC_WARN_UNUSED_VARIABLE = YES;
				IPHONEOS_DEPLOYMENT_TARGET = 10.2;
				MTL_ENABLE_DEBUG_INFO = YES;
				ONLY_ACTIVE_ARCH = YES;
				SDKROOT = iphoneos;
			};
			name = Debug;
		};
		F97624DE1E6E91DD005D3015 /* Release */ = {
			isa = XCBuildConfiguration;
			buildSettings = {
				ALWAYS_SEARCH_USER_PATHS = NO;
				CLANG_ANALYZER_NONNULL = YES;
				CLANG_CXX_LANGUAGE_STANDARD = "gnu++0x";
				CLANG_CXX_LIBRARY = "libc++";
				CLANG_ENABLE_MODULES = YES;
				CLANG_ENABLE_OBJC_ARC = YES;
				CLANG_WARN_BOOL_CONVERSION = YES;
				CLANG_WARN_CONSTANT_CONVERSION = YES;
				CLANG_WARN_DIRECT_OBJC_ISA_USAGE = YES_ERROR;
				CLANG_WARN_DOCUMENTATION_COMMENTS = YES;
				CLANG_WARN_EMPTY_BODY = YES;
				CLANG_WARN_ENUM_CONVERSION = YES;
				CLANG_WARN_INFINITE_RECURSION = YES;
				CLANG_WARN_INT_CONVERSION = YES;
				CLANG_WARN_OBJC_ROOT_CLASS = YES_ERROR;
				CLANG_WARN_SUSPICIOUS_MOVE = YES;
				CLANG_WARN_UNREACHABLE_CODE = YES;
				CLANG_WARN__DUPLICATE_METHOD_MATCH = YES;
				"CODE_SIGN_IDENTITY[sdk=iphoneos*]" = "iPhone Developer";
				COPY_PHASE_STRIP = NO;
				DEBUG_INFORMATION_FORMAT = "dwarf-with-dsym";
				ENABLE_NS_ASSERTIONS = NO;
				ENABLE_STRICT_OBJC_MSGSEND = YES;
				GCC_C_LANGUAGE_STANDARD = gnu99;
				GCC_NO_COMMON_BLOCKS = YES;
				GCC_WARN_64_TO_32_BIT_CONVERSION = YES;
				GCC_WARN_ABOUT_RETURN_TYPE = YES_ERROR;
				GCC_WARN_UNDECLARED_SELECTOR = YES;
				GCC_WARN_UNINITIALIZED_AUTOS = YES_AGGRESSIVE;
				GCC_WARN_UNUSED_FUNCTION = YES;
				GCC_WARN_UNUSED_VARIABLE = YES;
				IPHONEOS_DEPLOYMENT_TARGET = 10.2;
				MTL_ENABLE_DEBUG_INFO = NO;
				SDKROOT = iphoneos;
				VALIDATE_PRODUCT = YES;
			};
			name = Release;
		};
		F97624E01E6E91DD005D3015 /* Debug */ = {
			isa = XCBuildConfiguration;
			buildSettings = {
				ASSETCATALOG_COMPILER_APPICON_NAME = AppIcon;
				DEVELOPMENT_TEAM = D48GCKJBKL;
				INFOPLIST_FILE = CusomerButton/Info.plist;
				LD_RUNPATH_SEARCH_PATHS = "$(inherited) @executable_path/Frameworks";
				PRODUCT_BUNDLE_IDENTIFIER = com.dujiake.CusomerButton;
				PRODUCT_NAME = "$(TARGET_NAME)";
			};
			name = Debug;
		};
		F97624E11E6E91DD005D3015 /* Release */ = {
			isa = XCBuildConfiguration;
			buildSettings = {
				ASSETCATALOG_COMPILER_APPICON_NAME = AppIcon;
				DEVELOPMENT_TEAM = D48GCKJBKL;
				INFOPLIST_FILE = CusomerButton/Info.plist;
				LD_RUNPATH_SEARCH_PATHS = "$(inherited) @executable_path/Frameworks";
				PRODUCT_BUNDLE_IDENTIFIER = com.dujiake.CusomerButton;
				PRODUCT_NAME = "$(TARGET_NAME)";
			};
			name = Release;
		};
		F97624E31E6E91DD005D3015 /* Debug */ = {
			isa = XCBuildConfiguration;
			buildSettings = {
				BUNDLE_LOADER = "$(TEST_HOST)";
				INFOPLIST_FILE = CusomerButtonTests/Info.plist;
				LD_RUNPATH_SEARCH_PATHS = "$(inherited) @executable_path/Frameworks @loader_path/Frameworks";
				PRODUCT_BUNDLE_IDENTIFIER = com.dujiake.CusomerButtonTests;
				PRODUCT_NAME = "$(TARGET_NAME)";
				TEST_HOST = "$(BUILT_PRODUCTS_DIR)/CusomerButton.app/CusomerButton";
			};
			name = Debug;
		};
		F97624E41E6E91DD005D3015 /* Release */ = {
			isa = XCBuildConfiguration;
			buildSettings = {
				BUNDLE_LOADER = "$(TEST_HOST)";
				INFOPLIST_FILE = CusomerButtonTests/Info.plist;
				LD_RUNPATH_SEARCH_PATHS = "$(inherited) @executable_path/Frameworks @loader_path/Frameworks";
				PRODUCT_BUNDLE_IDENTIFIER = com.dujiake.CusomerButtonTests;
				PRODUCT_NAME = "$(TARGET_NAME)";
				TEST_HOST = "$(BUILT_PRODUCTS_DIR)/CusomerButton.app/CusomerButton";
			};
			name = Release;
		};
		F97624E61E6E91DD005D3015 /* Debug */ = {
			isa = XCBuildConfiguration;
			buildSettings = {
				INFOPLIST_FILE = CusomerButtonUITests/Info.plist;
				LD_RUNPATH_SEARCH_PATHS = "$(inherited) @executable_path/Frameworks @loader_path/Frameworks";
				PRODUCT_BUNDLE_IDENTIFIER = com.dujiake.CusomerButtonUITests;
				PRODUCT_NAME = "$(TARGET_NAME)";
				TEST_TARGET_NAME = CusomerButton;
			};
			name = Debug;
		};
		F97624E71E6E91DD005D3015 /* Release */ = {
			isa = XCBuildConfiguration;
			buildSettings = {
				INFOPLIST_FILE = CusomerButtonUITests/Info.plist;
				LD_RUNPATH_SEARCH_PATHS = "$(inherited) @executable_path/Frameworks @loader_path/Frameworks";
				PRODUCT_BUNDLE_IDENTIFIER = com.dujiake.CusomerButtonUITests;
				PRODUCT_NAME = "$(TARGET_NAME)";
				TEST_TARGET_NAME = CusomerButton;
			};
			name = Release;
		};
/* End XCBuildConfiguration section */

/* Begin XCConfigurationList section */
		F97624AD1E6E91DD005D3015 /* Build configuration list for PBXProject "CusomerButton" */ = {
			isa = XCConfigurationList;
			buildConfigurations = (
				F97624DD1E6E91DD005D3015 /* Debug */,
				F97624DE1E6E91DD005D3015 /* Release */,
			);
			defaultConfigurationIsVisible = 0;
			defaultConfigurationName = Release;
		};
		F97624DF1E6E91DD005D3015 /* Build configuration list for PBXNativeTarget "CusomerButton" */ = {
			isa = XCConfigurationList;
			buildConfigurations = (
				F97624E01E6E91DD005D3015 /* Debug */,
				F97624E11E6E91DD005D3015 /* Release */,
			);
			defaultConfigurationIsVisible = 0;
		};
		F97624E21E6E91DD005D3015 /* Build configuration list for PBXNativeTarget "CusomerButtonTests" */ = {
			isa = XCConfigurationList;
			buildConfigurations = (
				F97624E31E6E91DD005D3015 /* Debug */,
				F97624E41E6E91DD005D3015 /* Release */,
			);
			defaultConfigurationIsVisible = 0;
		};
		F97624E51E6E91DD005D3015 /* Build configuration list for PBXNativeTarget "CusomerButtonUITests" */ = {
			isa = XCConfigurationList;
			buildConfigurations = (
				F97624E61E6E91DD005D3015 /* Debug */,
				F97624E71E6E91DD005D3015 /* Release */,
			);
			defaultConfigurationIsVisible = 0;
		};
/* End XCConfigurationList section */
	};
	rootObject = F97624AA1E6E91DD005D3015 /* Project object */;
}
